
Microsoft Visual Studio Solution File, Format Version 12.00
# Visual Studio Version 16
VisualStudioVersion = 16.0.31129.286
MinimumVisualStudioVersion = 10.0.40219.1
Project("{FAE04EC0-301F-11D3-BF4B-00C04F79EFBC}") = "TicTacToe", "TicTacToe\TicTacToe.csproj", "{A01DC58D-7B41-4E18-805E-469E8449C3C9}"
EndProject
Project("{FAE04EC0-301F-11D3-BF4B-00C04F79EFBC}") = "TicTacToe.Application", "TicTacToe.Application\TicTacToe.Application.csproj", "{083162F3-D962-4BE9-8610-B05E746F6581}"
EndProject
Project("{FAE04EC0-301F-11D3-BF4B-00C04F79EFBC}") = "TicTacToe.Infrastructure", "TicTacToe.Infrastructure\TicTacToe.Infrastructure.csproj", "{F3787A32-71B1-4858-B409-448A5289A9FE}"
EndProject
Global
	GlobalSection(SolutionConfigurationPlatforms) = preSolution
		Debug|Any CPU = Debug|Any CPU
		Release|Any CPU = Release|Any CPU
	EndGlobalSection
	GlobalSection(ProjectConfigurationPlatforms) = postSolution
		{A01DC58D-7B41-4E18-805E-469E8449C3C9}.Debug|Any CPU.ActiveCfg = Debug|Any CPU
		{A01DC58D-7B41-4E18-805E-469E8449C3C9}.Debug|Any CPU.Build.0 = Debug|Any CPU
		{A01DC58D-7B41-4E18-805E-469E8449C3C9}.Release|Any CPU.ActiveCfg = Release|Any CPU
		{A01DC58D-7B41-4E18-805E-469E8449C3C9}.Release|Any CPU.Build.0 = Release|Any CPU
		{083162F3-D962-4BE9-8610-B05E746F6581}.Debug|Any CPU.ActiveCfg = Debug|Any CPU
		{083162F3-D962-4BE9-8610-B05E746F6581}.Debug|Any CPU.Build.0 = Debug|Any CPU
		{083162F3-D962-4BE9-8610-B05E746F6581}.Release|Any CPU.ActiveCfg = Release|Any CPU
		{083162F3-D962-4BE9-8610-B05E746F6581}.Release|Any CPU.Build.0 = Release|Any CPU
		{F3787A32-71B1-4858-B409-448A5289A9FE}.Debug|Any CPU.ActiveCfg = Debug|Any CPU
		{F3787A32-71B1-4858-B409-448A5289A9FE}.Debug|Any CPU.Build.0 = Debug|Any CPU
		{F3787A32-71B1-4858-B409-448A5289A9FE}.Release|Any CPU.ActiveCfg = Release|Any CPU
		{F3787A32-71B1-4858-B409-448A5289A9FE}.Release|Any CPU.Build.0 = Release|Any CPU
	EndGlobalSection
	GlobalSection(SolutionProperties) = preSolution
		HideSolutionNode = FALSE
	EndGlobalSection
	GlobalSection(ExtensibilityGlobals) = postSolution
		SolutionGuid = {CB2B6270-33A5-424A-8CB3-06B5447142AA}
	EndGlobalSection
EndGlobal
